
Microsoft Visual Studio Solution File, Format Version 12.00
# Visual Studio Version 16
VisualStudioVersion = 16.0.32126.315
MinimumVisualStudioVersion = 10.0.40219.1
Project("{FAE04EC0-301F-11D3-BF4B-00C04F79EFBC}") = "SocketServer", "SocketServer.csproj", "{42A78C37-B491-4E4E-9BA7-A149D1ABF2F7}"
EndProject
Project("{FAE04EC0-301F-11D3-BF4B-00C04F79EFBC}") = "SocketClient", "..\SocketClient\SocketClient.csproj", "{1C2C2AE4-042E-4B6F-B192-351E7B47D38F}"
EndProject
Project("{FAE04EC0-301F-11D3-BF4B-00C04F79EFBC}") = "UDPServer", "..\UDPServer\UDPServer.csproj", "{5A164249-C97C-4514-8A34-97E2D2AB23B3}"
EndProject
Project("{FAE04EC0-301F-11D3-BF4B-00C04F79EFBC}") = "UDPClient", "..\UDPClient\UDPClient.csproj", "{F5B4DA47-D022-46E3-9A74-052A006410C1}"
EndProject
Global
	GlobalSection(SolutionConfigurationPlatforms) = preSolution
		Debug|Any CPU = Debug|Any CPU
		Release|Any CPU = Release|Any CPU
	EndGlobalSection
	GlobalSection(ProjectConfigurationPlatforms) = postSolution
		{42A78C37-B491-4E4E-9BA7-A149D1ABF2F7}.Debug|Any CPU.ActiveCfg = Debug|Any CPU
		{42A78C37-B491-4E4E-9BA7-A149D1ABF2F7}.Debug|Any CPU.Build.0 = Debug|Any CPU
		{42A78C37-B491-4E4E-9BA7-A149D1ABF2F7}.Release|Any CPU.ActiveCfg = Release|Any CPU
		{42A78C37-B491-4E4E-9BA7-A149D1ABF2F7}.Release|Any CPU.Build.0 = Release|Any CPU
		{1C2C2AE4-042E-4B6F-B192-351E7B47D38F}.Debug|Any CPU.ActiveCfg = Debug|Any CPU
		{1C2C2AE4-042E-4B6F-B192-351E7B47D38F}.Debug|Any CPU.Build.0 = Debug|Any CPU
		{1C2C2AE4-042E-4B6F-B192-351E7B47D38F}.Release|Any CPU.ActiveCfg = Release|Any CPU
		{1C2C2AE4-042E-4B6F-B192-351E7B47D38F}.Release|Any CPU.Build.0 = Release|Any CPU
		{5A164249-C97C-4514-8A34-97E2D2AB23B3}.Debug|Any CPU.ActiveCfg = Debug|Any CPU
		{5A164249-C97C-4514-8A34-97E2D2AB23B3}.Debug|Any CPU.Build.0 = Debug|Any CPU
		{5A164249-C97C-4514-8A34-97E2D2AB23B3}.Release|Any CPU.ActiveCfg = Release|Any CPU
		{5A164249-C97C-4514-8A34-97E2D2AB23B3}.Release|Any CPU.Build.0 = Release|Any CPU
		{F5B4DA47-D022-46E3-9A74-052A006410C1}.Debug|Any CPU.ActiveCfg = Debug|Any CPU
		{F5B4DA47-D022-46E3-9A74-052A006410C1}.Debug|Any CPU.Build.0 = Debug|Any CPU
		{F5B4DA47-D022-46E3-9A74-052A006410C1}.Release|Any CPU.ActiveCfg = Release|Any CPU
		{F5B4DA47-D022-46E3-9A74-052A006410C1}.Release|Any CPU.Build.0 = Release|Any CPU
	EndGlobalSection
	GlobalSection(SolutionProperties) = preSolution
		HideSolutionNode = FALSE
	EndGlobalSection
	GlobalSection(ExtensibilityGlobals) = postSolution
		SolutionGuid = {07CFA14C-BC57-41A2-9EFD-BBED6F4DE823}
	EndGlobalSection
EndGlobal
